
Microsoft Visual Studio Solution File, Format Version 12.00
# Visual Studio Version 16
VisualStudioVersion = 16.0.28803.452
MinimumVisualStudioVersion = 10.0.40219.1
Project("{FAE04EC0-301F-11D3-BF4B-00C04F79EFBC}") = "HY_AjaxAgent", "HY_AjaxAgent\HY_AjaxAgent.csproj", "{51618C09-7D6F-4B97-A7B2-814E8202ECAE}"
EndProject
Project("{FAE04EC0-301F-11D3-BF4B-00C04F79EFBC}") = "TestScan", "TestScan\TestScan.csproj", "{AFB76810-0A7E-476A-ADBA-7B3B61B4FB00}"
EndProject
Project("{FAE04EC0-301F-11D3-BF4B-00C04F79EFBC}") = "HY_AjaxAgent_Interface", "HY_AjaxAgent_Interface\HY_AjaxAgent_Interface.csproj", "{BBCFBE34-8676-4227-B73E-384E9AE47051}"
EndProject
Global
	GlobalSection(SolutionConfigurationPlatforms) = preSolution
		Debug|Any CPU = Debug|Any CPU
		Debug|x86 = Debug|x86
		Release|Any CPU = Release|Any CPU
		Release|x86 = Release|x86
	EndGlobalSection
	GlobalSection(ProjectConfigurationPlatforms) = postSolution
		{51618C09-7D6F-4B97-A7B2-814E8202ECAE}.Debug|Any CPU.ActiveCfg = Debug|Any CPU
		{51618C09-7D6F-4B97-A7B2-814E8202ECAE}.Debug|Any CPU.Build.0 = Debug|Any CPU
		{51618C09-7D6F-4B97-A7B2-814E8202ECAE}.Debug|x86.ActiveCfg = Debug|Any CPU
		{51618C09-7D6F-4B97-A7B2-814E8202ECAE}.Debug|x86.Build.0 = Debug|Any CPU
		{51618C09-7D6F-4B97-A7B2-814E8202ECAE}.Release|Any CPU.ActiveCfg = Release|Any CPU
		{51618C09-7D6F-4B97-A7B2-814E8202ECAE}.Release|Any CPU.Build.0 = Release|Any CPU
		{51618C09-7D6F-4B97-A7B2-814E8202ECAE}.Release|x86.ActiveCfg = Release|Any CPU
		{51618C09-7D6F-4B97-A7B2-814E8202ECAE}.Release|x86.Build.0 = Release|Any CPU
		{AFB76810-0A7E-476A-ADBA-7B3B61B4FB00}.Debug|Any CPU.ActiveCfg = Debug|Any CPU
		{AFB76810-0A7E-476A-ADBA-7B3B61B4FB00}.Debug|Any CPU.Build.0 = Debug|Any CPU
		{AFB76810-0A7E-476A-ADBA-7B3B61B4FB00}.Debug|x86.ActiveCfg = Debug|Any CPU
		{AFB76810-0A7E-476A-ADBA-7B3B61B4FB00}.Debug|x86.Build.0 = Debug|Any CPU
		{AFB76810-0A7E-476A-ADBA-7B3B61B4FB00}.Release|Any CPU.ActiveCfg = Release|Any CPU
		{AFB76810-0A7E-476A-ADBA-7B3B61B4FB00}.Release|Any CPU.Build.0 = Release|Any CPU
		{AFB76810-0A7E-476A-ADBA-7B3B61B4FB00}.Release|x86.ActiveCfg = Release|Any CPU
		{AFB76810-0A7E-476A-ADBA-7B3B61B4FB00}.Release|x86.Build.0 = Release|Any CPU
		{BBCFBE34-8676-4227-B73E-384E9AE47051}.Debug|Any CPU.ActiveCfg = Debug|Any CPU
		{BBCFBE34-8676-4227-B73E-384E9AE47051}.Debug|Any CPU.Build.0 = Debug|Any CPU
		{BBCFBE34-8676-4227-B73E-384E9AE47051}.Debug|x86.ActiveCfg = Debug|Any CPU
		{BBCFBE34-8676-4227-B73E-384E9AE47051}.Debug|x86.Build.0 = Debug|Any CPU
		{BBCFBE34-8676-4227-B73E-384E9AE47051}.Release|Any CPU.ActiveCfg = Release|Any CPU
		{BBCFBE34-8676-4227-B73E-384E9AE47051}.Release|Any CPU.Build.0 = Release|Any CPU
		{BBCFBE34-8676-4227-B73E-384E9AE47051}.Release|x86.ActiveCfg = Release|Any CPU
		{BBCFBE34-8676-4227-B73E-384E9AE47051}.Release|x86.Build.0 = Release|Any CPU
	EndGlobalSection
	GlobalSection(SolutionProperties) = preSolution
		HideSolutionNode = FALSE
	EndGlobalSection
	GlobalSection(ExtensibilityGlobals) = postSolution
		SolutionGuid = {AA2A167F-4C3B-4FC0-93C7-BB6BF863C6BD}
	EndGlobalSection
EndGlobal
